// !$*UTF8*$!
{
	archiveVersion = 1;
	classes = {
	};
	objectVersion = 46;
	objects = {

/* Begin PBXBuildFile section */
		F5938EAD1C9942A10082157C /* main.m in Sources */ = {isa = PBXBuildFile; fileRef = F5938EAC1C9942A10082157C /* main.m */; };
		F5938EB51C99465D0082157C /* Rectangle.m in Sources */ = {isa = PBXBuildFile; fileRef = F5938EB41C99465D0082157C /* Rectangle.m */; };
		F5938EB81C9946DD0082157C /* Square.m in Sources */ = {isa = PBXBuildFile; fileRef = F5938EB71C9946DD0082157C /* Square.m */; };
		F5938EBB1C99493F0082157C /* XYPoint.m in Sources */ = {isa = PBXBuildFile; fileRef = F5938EBA1C99493F0082157C /* XYPoint.m */; };
/* End PBXBuildFile section */

/* Begin PBXCopyFilesBuildPhase section */
		F5938EA71C9942A10082157C /* CopyFiles */ = {
			isa = PBXCopyFilesBuildPhase;
			buildActionMask = 2147483647;
			dstPath = /usr/share/man/man1/;
			dstSubfolderSpec = 0;
			files = (
			);
			runOnlyForDeploymentPostprocessing = 1;
		};
/* End PBXCopyFilesBuildPhase section */

/* Begin PBXFileReference section */
		F5938EA91C9942A10082157C /* prac_inheritance */ = {isa = PBXFileReference; explicitFileType = "compiled.mach-o.executable"; includeInIndex = 0; path = prac_inheritance; sourceTree = BUILT_PRODUCTS_DIR; };
		F5938EAC1C9942A10082157C /* main.m */ = {isa = PBXFileReference; lastKnownFileType = sourcecode.c.objc; path = main.m; sourceTree = "<group>"; };
		F5938EB31C99465D0082157C /* Rectangle.h */ = {isa = PBXFileReference; fileEncoding = 4; lastKnownFileType = sourcecode.c.h; path = Rectangle.h; sourceTree = "<group>"; };
		F5938EB41C99465D0082157C /* Rectangle.m */ = {isa = PBXFileReference; fileEncoding = 4; lastKnownFileType = sourcecode.c.objc; path = Rectangle.m; sourceTree = "<group>"; };
		F5938EB61C9946DD0082157C /* Square.h */ = {isa = PBXFileReference; fileEncoding = 4; lastKnownFileType = sourcecode.c.h; path = Square.h; sourceTree = "<group>"; };
		F5938EB71C9946DD0082157C /* Square.m */ = {isa = PBXFileReference; fileEncoding = 4; lastKnownFileType = sourcecode.c.objc; path = Square.m; sourceTree = "<group>"; };
		F5938EB91C99493F0082157C /* XYPoint.h */ = {isa = PBXFileReference; fileEncoding = 4; lastKnownFileType = sourcecode.c.h; path = XYPoint.h; sourceTree = "<group>"; };
		F5938EBA1C99493F0082157C /* XYPoint.m */ = {isa = PBXFileReference; fileEncoding = 4; lastKnownFileType = sourcecode.c.objc; path = XYPoint.m; sourceTree = "<group>"; };
/* End PBXFileReference section */

/* Begin PBXFrameworksBuildPhase section */
		F5938EA61C9942A10082157C /* Frameworks */ = {
			isa = PBXFrameworksBuildPhase;
			buildActionMask = 2147483647;
			files = (
			);
			runOnlyForDeploymentPostprocessing = 0;
		};
/* End PBXFrameworksBuildPhase section */

/* Begin PBXGroup section */
		F5938EA01C9942A10082157C = {
			isa = PBXGroup;
			children = (
				F5938EAB1C9942A10082157C /* prac_inheritance */,
				F5938EAA1C9942A10082157C /* Products */,
			);
			sourceTree = "<group>";
		};
		F5938EAA1C9942A10082157C /* Products */ = {
			isa = PBXGroup;
			children = (
				F5938EA91C9942A10082157C /* prac_inheritance */,
			);
			name = Products;
			sourceTree = "<group>";
		};
		F5938EAB1C9942A10082157C /* prac_inheritance */ = {
			isa = PBXGroup;
			children = (
				F5938EAC1C9942A10082157C /* main.m */,
				F5938EB31C99465D0082157C /* Rectangle.h */,
				F5938EB41C99465D0082157C /* Rectangle.m */,
				F5938EB61C9946DD0082157C /* Square.h */,
				F5938EB71C9946DD0082157C /* Square.m */,
				F5938EB91C99493F0082157C /* XYPoint.h */,
				F5938EBA1C99493F0082157C /* XYPoint.m */,
			);
			path = prac_inheritance;
			sourceTree = "<group>";
		};
/* End PBXGroup section */

/* Begin PBXNativeTarget section */
		F5938EA81C9942A10082157C /* prac_inheritance */ = {
			isa = PBXNativeTarget;
			buildConfigurationList = F5938EB01C9942A10082157C /* Build configuration list for PBXNativeTarget "prac_inheritance" */;
			buildPhases = (
				F5938EA51C9942A10082157C /* Sources */,
				F5938EA61C9942A10082157C /* Frameworks */,
				F5938EA71C9942A10082157C /* CopyFiles */,
			);
			buildRules = (
			);
			dependencies = (
			);
			name = prac_inheritance;
			productName = prac_inheritance;
			productReference = F5938EA91C9942A10082157C /* prac_inheritance */;
			productType = "com.apple.product-type.tool";
		};
/* End PBXNativeTarget section */

/* Begin PBXProject section */
		F5938EA11C9942A10082157C /* Project object */ = {
			isa = PBXProject;
			attributes = {
				LastUpgradeCheck = 0720;
				ORGANIZATIONNAME = "lee taejun";
				TargetAttributes = {
					F5938EA81C9942A10082157C = {
						CreatedOnToolsVersion = 7.2;
					};
				};
			};
			buildConfigurationList = F5938EA41C9942A10082157C /* Build configuration list for PBXProject "prac_inheritance" */;
			compatibilityVersion = "Xcode 3.2";
			developmentRegion = English;
			hasScannedForEncodings = 0;
			knownRegions = (
				en,
			);
			mainGroup = F5938EA01C9942A10082157C;
			productRefGroup = F5938EAA1C9942A10082157C /* Products */;
			projectDirPath = "";
			projectRoot = "";
			targets = (
				F5938EA81C9942A10082157C /* prac_inheritance */,
			);
		};
/* End PBXProject section */

/* Begin PBXSourcesBuildPhase section */
		F5938EA51C9942A10082157C /* Sources */ = {
			isa = PBXSourcesBuildPhase;
			buildActionMask = 2147483647;
			files = (
				F5938EB81C9946DD0082157C /* Square.m in Sources */,
				F5938EAD1C9942A10082157C /* main.m in Sources */,
				F5938EB51C99465D0082157C /* Rectangle.m in Sources */,
				F5938EBB1C99493F0082157C /* XYPoint.m in Sources */,
			);
			runOnlyForDeploymentPostprocessing = 0;
		};
/* End PBXSourcesBuildPhase section */

/* Begin XCBuildConfiguration section */
		F5938EAE1C9942A10082157C /* Debug */ = {
			isa = XCBuildConfiguration;
			buildSettings = {
				ALWAYS_SEARCH_USER_PATHS = NO;
				CLANG_CXX_LANGUAGE_STANDARD = "gnu++0x";
				CLANG_CXX_LIBRARY = "libc++";
				CLANG_ENABLE_MODULES = YES;
				CLANG_ENABLE_OBJC_ARC = YES;
				CLANG_WARN_BOOL_CONVERSION = YES;
				CLANG_WARN_CONSTANT_CONVERSION = YES;
				CLANG_WARN_DIRECT_OBJC_ISA_USAGE = YES_ERROR;
				CLANG_WARN_EMPTY_BODY = YES;
				CLANG_WARN_ENUM_CONVERSION = YES;
				CLANG_WARN_INT_CONVERSION = YES;
				CLANG_WARN_OBJC_ROOT_CLASS = YES_ERROR;
				CLANG_WARN_UNREACHABLE_CODE = YES;
				CLANG_WARN__DUPLICATE_METHOD_MATCH = YES;
				CODE_SIGN_IDENTITY = "-";
				COPY_PHASE_STRIP = NO;
				DEBUG_INFORMATION_FORMAT = dwarf;
				ENABLE_STRICT_OBJC_MSGSEND = YES;
				ENABLE_TESTABILITY = YES;
				GCC_C_LANGUAGE_STANDARD = gnu99;
				GCC_DYNAMIC_NO_PIC = NO;
				GCC_NO_COMMON_BLOCKS = YES;
				GCC_OPTIMIZATION_LEVEL = 0;
				GCC_PREPROCESSOR_DEFINITIONS = (
					"DEBUG=1",
					"$(inherited)",
				);
				GCC_WARN_64_TO_32_BIT_CONVERSION = YES;
				GCC_WARN_ABOUT_RETURN_TYPE = YES_ERROR;
				GCC_WARN_UNDECLARED_SELECTOR = YES;
				GCC_WARN_UNINITIALIZED_AUTOS = YES_AGGRESSIVE;
				GCC_WARN_UNUSED_FUNCTION = YES;
				GCC_WARN_UNUSED_VARIABLE = YES;
				MACOSX_DEPLOYMENT_TARGET = 10.10;
				MTL_ENABLE_DEBUG_INFO = YES;
				ONLY_ACTIVE_ARCH = YES;
				SDKROOT = macosx;
			};
			name = Debug;
		};
		F5938EAF1C9942A10082157C /* Release */ = {
			isa = XCBuildConfiguration;
			buildSettings = {
				ALWAYS_SEARCH_USER_PATHS = NO;
				CLANG_CXX_LANGUAGE_STANDARD = "gnu++0x";
				CLANG_CXX_LIBRARY = "libc++";
				CLANG_ENABLE_MODULES = YES;
				CLANG_ENABLE_OBJC_ARC = YES;
				CLANG_WARN_BOOL_CONVERSION = YES;
				CLANG_WARN_CONSTANT_CONVERSION = YES;
				CLANG_WARN_DIRECT_OBJC_ISA_USAGE = YES_ERROR;
				CLANG_WARN_EMPTY_BODY = YES;
				CLANG_WARN_ENUM_CONVERSION = YES;
				CLANG_WARN_INT_CONVERSION = YES;
				CLANG_WARN_OBJC_ROOT_CLASS = YES_ERROR;
				CLANG_WARN_UNREACHABLE_CODE = YES;
				CLANG_WARN__DUPLICATE_METHOD_MATCH = YES;
				CODE_SIGN_IDENTITY = "-";
				COPY_PHASE_STRIP = NO;
				DEBUG_INFORMATION_FORMAT = "dwarf-with-dsym";
				ENABLE_NS_ASSERTIONS = NO;
				ENABLE_STRICT_OBJC_MSGSEND = YES;
				GCC_C_LANGUAGE_STANDARD = gnu99;
				GCC_NO_COMMON_BLOCKS = YES;
				GCC_WARN_64_TO_32_BIT_CONVERSION = YES;
				GCC_WARN_ABOUT_RETURN_TYPE = YES_ERROR;
				GCC_WARN_UNDECLARED_SELECTOR = YES;
				GCC_WARN_UNINITIALIZED_AUTOS = YES_AGGRESSIVE;
				GCC_WARN_UNUSED_FUNCTION = YES;
				GCC_WARN_UNUSED_VARIABLE = YES;
				MACOSX_DEPLOYMENT_TARGET = 10.10;
				MTL_ENABLE_DEBUG_INFO = NO;
				SDKROOT = macosx;
			};
			name = Release;
		};
		F5938EB11C9942A10082157C /* Debug */ = {
			isa = XCBuildConfiguration;
			buildSettings = {
				PRODUCT_NAME = "$(TARGET_NAME)";
			};
			name = Debug;
		};
		F5938EB21C9942A10082157C /* Release */ = {
			isa = XCBuildConfiguration;
			buildSettings = {
				PRODUCT_NAME = "$(TARGET_NAME)";
			};
			name = Release;
		};
/* End XCBuildConfiguration section */

/* Begin XCConfigurationList section */
		F5938EA41C9942A10082157C /* Build configuration list for PBXProject "prac_inheritance" */ = {
			isa = XCConfigurationList;
			buildConfigurations = (
				F5938EAE1C9942A10082157C /* Debug */,
				F5938EAF1C9942A10082157C /* Release */,
			);
			defaultConfigurationIsVisible = 0;
			defaultConfigurationName = Release;
		};
		F5938EB01C9942A10082157C /* Build configuration list for PBXNativeTarget "prac_inheritance" */ = {
			isa = XCConfigurationList;
			buildConfigurations = (
				F5938EB11C9942A10082157C /* Debug */,
				F5938EB21C9942A10082157C /* Release */,
			);
			defaultConfigurationIsVisible = 0;
		};
/* End XCConfigurationList section */
	};
	rootObject = F5938EA11C9942A10082157C /* Project object */;
}
